// !$*UTF8*$!
{
	archiveVersion = 1;
	classes = {
	};
	objectVersion = 50;
	objects = {

/* Begin PBXBuildFile section */
		75A3D1C725F0C8CC000708E7 /* AppDelegate.swift in Sources */ = {isa = PBXBuildFile; fileRef = 75A3D1C625F0C8CC000708E7 /* AppDelegate.swift */; };
		75A3D1C925F0C8CC000708E7 /* SceneDelegate.swift in Sources */ = {isa = PBXBuildFile; fileRef = 75A3D1C825F0C8CC000708E7 /* SceneDelegate.swift */; };
		75A3D1CB25F0C8CC000708E7 /* ViewController.swift in Sources */ = {isa = PBXBuildFile; fileRef = 75A3D1CA25F0C8CC000708E7 /* ViewController.swift */; };
		75A3D1CE25F0C8CC000708E7 /* Main.storyboard in Resources */ = {isa = PBXBuildFile; fileRef = 75A3D1CC25F0C8CC000708E7 /* Main.storyboard */; };
		75A3D1D025F0C8CE000708E7 /* Assets.xcassets in Resources */ = {isa = PBXBuildFile; fileRef = 75A3D1CF25F0C8CE000708E7 /* Assets.xcassets */; };
		75A3D1D325F0C8CE000708E7 /* LaunchScreen.storyboard in Resources */ = {isa = PBXBuildFile; fileRef = 75A3D1D125F0C8CE000708E7 /* LaunchScreen.storyboard */; };
		75A3D1DE25F0CA3A000708E7 /* bg.png in Resources */ = {isa = PBXBuildFile; fileRef = 75A3D1DD25F0CA3A000708E7 /* bg.png */; };
		75A3D1E125F0CDB2000708E7 /* IDViewController.swift in Sources */ = {isa = PBXBuildFile; fileRef = 75A3D1E025F0CDB2000708E7 /* IDViewController.swift */; };
		75A3D1E425F0CDD0000708E7 /* PWViewController.swift in Sources */ = {isa = PBXBuildFile; fileRef = 75A3D1E325F0CDD0000708E7 /* PWViewController.swift */; };
		75A3D1E725F0CF09000708E7 /* DBIdChk.swift in Sources */ = {isa = PBXBuildFile; fileRef = 75A3D1E625F0CF09000708E7 /* DBIdChk.swift */; };
		75A3D1ED25F0E290000708E7 /* DBPwChk.swift in Sources */ = {isa = PBXBuildFile; fileRef = 75A3D1EC25F0E290000708E7 /* DBPwChk.swift */; };
/* End PBXBuildFile section */

/* Begin PBXFileReference section */
		75A3D1C325F0C8CC000708E7 /* IDRnd.app */ = {isa = PBXFileReference; explicitFileType = wrapper.application; includeInIndex = 0; path = IDRnd.app; sourceTree = BUILT_PRODUCTS_DIR; };
		75A3D1C625F0C8CC000708E7 /* AppDelegate.swift */ = {isa = PBXFileReference; lastKnownFileType = sourcecode.swift; path = AppDelegate.swift; sourceTree = "<group>"; };
		75A3D1C825F0C8CC000708E7 /* SceneDelegate.swift */ = {isa = PBXFileReference; lastKnownFileType = sourcecode.swift; path = SceneDelegate.swift; sourceTree = "<group>"; };
		75A3D1CA25F0C8CC000708E7 /* ViewController.swift */ = {isa = PBXFileReference; lastKnownFileType = sourcecode.swift; path = ViewController.swift; sourceTree = "<group>"; };
		75A3D1CD25F0C8CC000708E7 /* Base */ = {isa = PBXFileReference; lastKnownFileType = file.storyboard; name = Base; path = Base.lproj/Main.storyboard; sourceTree = "<group>"; };
		75A3D1CF25F0C8CE000708E7 /* Assets.xcassets */ = {isa = PBXFileReference; lastKnownFileType = folder.assetcatalog; path = Assets.xcassets; sourceTree = "<group>"; };
		75A3D1D225F0C8CE000708E7 /* Base */ = {isa = PBXFileReference; lastKnownFileType = file.storyboard; name = Base; path = Base.lproj/LaunchScreen.storyboard; sourceTree = "<group>"; };
		75A3D1D425F0C8CE000708E7 /* Info.plist */ = {isa = PBXFileReference; lastKnownFileType = text.plist.xml; path = Info.plist; sourceTree = "<group>"; };
		75A3D1DD25F0CA3A000708E7 /* bg.png */ = {isa = PBXFileReference; lastKnownFileType = image.png; path = bg.png; sourceTree = "<group>"; };
		75A3D1E025F0CDB2000708E7 /* IDViewController.swift */ = {isa = PBXFileReference; lastKnownFileType = sourcecode.swift; path = IDViewController.swift; sourceTree = "<group>"; };
		75A3D1E325F0CDD0000708E7 /* PWViewController.swift */ = {isa = PBXFileReference; lastKnownFileType = sourcecode.swift; path = PWViewController.swift; sourceTree = "<group>"; };
		75A3D1E625F0CF09000708E7 /* DBIdChk.swift */ = {isa = PBXFileReference; lastKnownFileType = sourcecode.swift; path = DBIdChk.swift; sourceTree = "<group>"; };
		75A3D1EC25F0E290000708E7 /* DBPwChk.swift */ = {isa = PBXFileReference; lastKnownFileType = sourcecode.swift; path = DBPwChk.swift; sourceTree = "<group>"; };
/* End PBXFileReference section */

/* Begin PBXFrameworksBuildPhase section */
		75A3D1C025F0C8CC000708E7 /* Frameworks */ = {
			isa = PBXFrameworksBuildPhase;
			buildActionMask = 2147483647;
			files = (
			);
			runOnlyForDeploymentPostprocessing = 0;
		};
/* End PBXFrameworksBuildPhase section */

/* Begin PBXGroup section */
		75A3D1BA25F0C8CC000708E7 = {
			isa = PBXGroup;
			children = (
				75A3D1C525F0C8CC000708E7 /* IDRnd */,
				75A3D1C425F0C8CC000708E7 /* Products */,
			);
			sourceTree = "<group>";
		};
		75A3D1C425F0C8CC000708E7 /* Products */ = {
			isa = PBXGroup;
			children = (
				75A3D1C325F0C8CC000708E7 /* IDRnd.app */,
			);
			name = Products;
			sourceTree = "<group>";
		};
		75A3D1C525F0C8CC000708E7 /* IDRnd */ = {
			isa = PBXGroup;
			children = (
				75A3D1DD25F0CA3A000708E7 /* bg.png */,
				75A3D1C625F0C8CC000708E7 /* AppDelegate.swift */,
				75A3D1C825F0C8CC000708E7 /* SceneDelegate.swift */,
				75A3D1CA25F0C8CC000708E7 /* ViewController.swift */,
				75A3D1CC25F0C8CC000708E7 /* Main.storyboard */,
				75A3D1CF25F0C8CE000708E7 /* Assets.xcassets */,
				75A3D1D125F0C8CE000708E7 /* LaunchScreen.storyboard */,
				75A3D1D425F0C8CE000708E7 /* Info.plist */,
				75A3D1E025F0CDB2000708E7 /* IDViewController.swift */,
				75A3D1E325F0CDD0000708E7 /* PWViewController.swift */,
				75A3D1EC25F0E290000708E7 /* DBPwChk.swift */,
				75A3D1E625F0CF09000708E7 /* DBIdChk.swift */,
			);
			path = IDRnd;
			sourceTree = "<group>";
		};
/* End PBXGroup section */

/* Begin PBXNativeTarget section */
		75A3D1C225F0C8CC000708E7 /* IDRnd */ = {
			isa = PBXNativeTarget;
			buildConfigurationList = 75A3D1D725F0C8CE000708E7 /* Build configuration list for PBXNativeTarget "IDRnd" */;
			buildPhases = (
				75A3D1BF25F0C8CC000708E7 /* Sources */,
				75A3D1C025F0C8CC000708E7 /* Frameworks */,
				75A3D1C125F0C8CC000708E7 /* Resources */,
			);
			buildRules = (
			);
			dependencies = (
			);
			name = IDRnd;
			productName = IDRnd;
			productReference = 75A3D1C325F0C8CC000708E7 /* IDRnd.app */;
			productType = "com.apple.product-type.application";
		};
/* End PBXNativeTarget section */

/* Begin PBXProject section */
		75A3D1BB25F0C8CC000708E7 /* Project object */ = {
			isa = PBXProject;
			attributes = {
				LastSwiftUpdateCheck = 1240;
				LastUpgradeCheck = 1240;
				TargetAttributes = {
					75A3D1C225F0C8CC000708E7 = {
						CreatedOnToolsVersion = 12.4;
					};
				};
			};
			buildConfigurationList = 75A3D1BE25F0C8CC000708E7 /* Build configuration list for PBXProject "IDRnd" */;
			compatibilityVersion = "Xcode 9.3";
			developmentRegion = en;
			hasScannedForEncodings = 0;
			knownRegions = (
				en,
				Base,
			);
			mainGroup = 75A3D1BA25F0C8CC000708E7;
			productRefGroup = 75A3D1C425F0C8CC000708E7 /* Products */;
			projectDirPath = "";
			projectRoot = "";
			targets = (
				75A3D1C225F0C8CC000708E7 /* IDRnd */,
			);
		};
/* End PBXProject section */

/* Begin PBXResourcesBuildPhase section */
		75A3D1C125F0C8CC000708E7 /* Resources */ = {
			isa = PBXResourcesBuildPhase;
			buildActionMask = 2147483647;
			files = (
				75A3D1D325F0C8CE000708E7 /* LaunchScreen.storyboard in Resources */,
				75A3D1D025F0C8CE000708E7 /* Assets.xcassets in Resources */,
				75A3D1DE25F0CA3A000708E7 /* bg.png in Resources */,
				75A3D1CE25F0C8CC000708E7 /* Main.storyboard in Resources */,
			);
			runOnlyForDeploymentPostprocessing = 0;
		};
/* End PBXResourcesBuildPhase section */

/* Begin PBXSourcesBuildPhase section */
		75A3D1BF25F0C8CC000708E7 /* Sources */ = {
			isa = PBXSourcesBuildPhase;
			buildActionMask = 2147483647;
			files = (
				75A3D1E425F0CDD0000708E7 /* PWViewController.swift in Sources */,
				75A3D1ED25F0E290000708E7 /* DBPwChk.swift in Sources */,
				75A3D1CB25F0C8CC000708E7 /* ViewController.swift in Sources */,
				75A3D1E125F0CDB2000708E7 /* IDViewController.swift in Sources */,
				75A3D1C725F0C8CC000708E7 /* AppDelegate.swift in Sources */,
				75A3D1C925F0C8CC000708E7 /* SceneDelegate.swift in Sources */,
				75A3D1E725F0CF09000708E7 /* DBIdChk.swift in Sources */,
			);
			runOnlyForDeploymentPostprocessing = 0;
		};
/* End PBXSourcesBuildPhase section */

/* Begin PBXVariantGroup section */
		75A3D1CC25F0C8CC000708E7 /* Main.storyboard */ = {
			isa = PBXVariantGroup;
			children = (
				75A3D1CD25F0C8CC000708E7 /* Base */,
			);
			name = Main.storyboard;
			sourceTree = "<group>";
		};
		75A3D1D125F0C8CE000708E7 /* LaunchScreen.storyboard */ = {
			isa = PBXVariantGroup;
			children = (
				75A3D1D225F0C8CE000708E7 /* Base */,
			);
			name = LaunchScreen.storyboard;
			sourceTree = "<group>";
		};
/* End PBXVariantGroup section */

/* Begin XCBuildConfiguration section */
		75A3D1D525F0C8CE000708E7 /* Debug */ = {
			isa = XCBuildConfiguration;
			buildSettings = {
				ALWAYS_SEARCH_USER_PATHS = NO;
				CLANG_ANALYZER_NONNULL = YES;
				CLANG_ANALYZER_NUMBER_OBJECT_CONVERSION = YES_AGGRESSIVE;
				CLANG_CXX_LANGUAGE_STANDARD = "gnu++14";
				CLANG_CXX_LIBRARY = "libc++";
				CLANG_ENABLE_MODULES = YES;
				CLANG_ENABLE_OBJC_ARC = YES;
				CLANG_ENABLE_OBJC_WEAK = YES;
				CLANG_WARN_BLOCK_CAPTURE_AUTORELEASING = YES;
				CLANG_WARN_BOOL_CONVERSION = YES;
				CLANG_WARN_COMMA = YES;
				CLANG_WARN_CONSTANT_CONVERSION = YES;
				CLANG_WARN_DEPRECATED_OBJC_IMPLEMENTATIONS = YES;
				CLANG_WARN_DIRECT_OBJC_ISA_USAGE = YES_ERROR;
				CLANG_WARN_DOCUMENTATION_COMMENTS = YES;
				CLANG_WARN_EMPTY_BODY = YES;
				CLANG_WARN_ENUM_CONVERSION = YES;
				CLANG_WARN_INFINITE_RECURSION = YES;
				CLANG_WARN_INT_CONVERSION = YES;
				CLANG_WARN_NON_LITERAL_NULL_CONVERSION = YES;
				CLANG_WARN_OBJC_IMPLICIT_RETAIN_SELF = YES;
				CLANG_WARN_OBJC_LITERAL_CONVERSION = YES;
				CLANG_WARN_OBJC_ROOT_CLASS = YES_ERROR;
				CLANG_WARN_QUOTED_INCLUDE_IN_FRAMEWORK_HEADER = YES;
				CLANG_WARN_RANGE_LOOP_ANALYSIS = YES;
				CLANG_WARN_STRICT_PROTOTYPES = YES;
				CLANG_WARN_SUSPICIOUS_MOVE = YES;
				CLANG_WARN_UNGUARDED_AVAILABILITY = YES_AGGRESSIVE;
				CLANG_WARN_UNREACHABLE_CODE = YES;
				CLANG_WARN__DUPLICATE_METHOD_MATCH = YES;
				COPY_PHASE_STRIP = NO;
				DEBUG_INFORMATION_FORMAT = dwarf;
				ENABLE_STRICT_OBJC_MSGSEND = YES;
				ENABLE_TESTABILITY = YES;
				GCC_C_LANGUAGE_STANDARD = gnu11;
				GCC_DYNAMIC_NO_PIC = NO;
				GCC_NO_COMMON_BLOCKS = YES;
				GCC_OPTIMIZATION_LEVEL = 0;
				GCC_PREPROCESSOR_DEFINITIONS = (
					"DEBUG=1",
					"$(inherited)",
				);
				GCC_WARN_64_TO_32_BIT_CONVERSION = YES;
				GCC_WARN_ABOUT_RETURN_TYPE = YES_ERROR;
				GCC_WARN_UNDECLARED_SELECTOR = YES;
				GCC_WARN_UNINITIALIZED_AUTOS = YES_AGGRESSIVE;
				GCC_WARN_UNUSED_FUNCTION = YES;
				GCC_WARN_UNUSED_VARIABLE = YES;
				IPHONEOS_DEPLOYMENT_TARGET = 14.4;
				MTL_ENABLE_DEBUG_INFO = INCLUDE_SOURCE;
				MTL_FAST_MATH = YES;
				ONLY_ACTIVE_ARCH = YES;
				SDKROOT = iphoneos;
				SWIFT_ACTIVE_COMPILATION_CONDITIONS = DEBUG;
				SWIFT_OPTIMIZATION_LEVEL = "-Onone";
			};
			name = Debug;
		};
		75A3D1D625F0C8CE000708E7 /* Release */ = {
			isa = XCBuildConfiguration;
			buildSettings = {
				ALWAYS_SEARCH_USER_PATHS = NO;
				CLANG_ANALYZER_NONNULL = YES;
				CLANG_ANALYZER_NUMBER_OBJECT_CONVERSION = YES_AGGRESSIVE;
				CLANG_CXX_LANGUAGE_STANDARD = "gnu++14";
				CLANG_CXX_LIBRARY = "libc++";
				CLANG_ENABLE_MODULES = YES;
				CLANG_ENABLE_OBJC_ARC = YES;
				CLANG_ENABLE_OBJC_WEAK = YES;
				CLANG_WARN_BLOCK_CAPTURE_AUTORELEASING = YES;
				CLANG_WARN_BOOL_CONVERSION = YES;
				CLANG_WARN_COMMA = YES;
				CLANG_WARN_CONSTANT_CONVERSION = YES;
				CLANG_WARN_DEPRECATED_OBJC_IMPLEMENTATIONS = YES;
				CLANG_WARN_DIRECT_OBJC_ISA_USAGE = YES_ERROR;
				CLANG_WARN_DOCUMENTATION_COMMENTS = YES;
				CLANG_WARN_EMPTY_BODY = YES;
				CLANG_WARN_ENUM_CONVERSION = YES;
				CLANG_WARN_INFINITE_RECURSION = YES;
				CLANG_WARN_INT_CONVERSION = YES;
				CLANG_WARN_NON_LITERAL_NULL_CONVERSION = YES;
				CLANG_WARN_OBJC_IMPLICIT_RETAIN_SELF = YES;
				CLANG_WARN_OBJC_LITERAL_CONVERSION = YES;
				CLANG_WARN_OBJC_ROOT_CLASS = YES_ERROR;
				CLANG_WARN_QUOTED_INCLUDE_IN_FRAMEWORK_HEADER = YES;
				CLANG_WARN_RANGE_LOOP_ANALYSIS = YES;
				CLANG_WARN_STRICT_PROTOTYPES = YES;
				CLANG_WARN_SUSPICIOUS_MOVE = YES;
				CLANG_WARN_UNGUARDED_AVAILABILITY = YES_AGGRESSIVE;
				CLANG_WARN_UNREACHABLE_CODE = YES;
				CLANG_WARN__DUPLICATE_METHOD_MATCH = YES;
				COPY_PHASE_STRIP = NO;
				DEBUG_INFORMATION_FORMAT = "dwarf-with-dsym";
				ENABLE_NS_ASSERTIONS = NO;
				ENABLE_STRICT_OBJC_MSGSEND = YES;
				GCC_C_LANGUAGE_STANDARD = gnu11;
				GCC_NO_COMMON_BLOCKS = YES;
				GCC_WARN_64_TO_32_BIT_CONVERSION = YES;
				GCC_WARN_ABOUT_RETURN_TYPE = YES_ERROR;
				GCC_WARN_UNDECLARED_SELECTOR = YES;
				GCC_WARN_UNINITIALIZED_AUTOS = YES_AGGRESSIVE;
				GCC_WARN_UNUSED_FUNCTION = YES;
				GCC_WARN_UNUSED_VARIABLE = YES;
				IPHONEOS_DEPLOYMENT_TARGET = 14.4;
				MTL_ENABLE_DEBUG_INFO = NO;
				MTL_FAST_MATH = YES;
				SDKROOT = iphoneos;
				SWIFT_COMPILATION_MODE = wholemodule;
				SWIFT_OPTIMIZATION_LEVEL = "-O";
				VALIDATE_PRODUCT = YES;
			};
			name = Release;
		};
		75A3D1D825F0C8CE000708E7 /* Debug */ = {
			isa = XCBuildConfiguration;
			buildSettings = {
				ASSETCATALOG_COMPILER_APPICON_NAME = AppIcon;
				ASSETCATALOG_COMPILER_GLOBAL_ACCENT_COLOR_NAME = AccentColor;
				CODE_SIGN_STYLE = Automatic;
				DEVELOPMENT_TEAM = M47S45AXH9;
				INFOPLIST_FILE = IDRnd/Info.plist;
				LD_RUNPATH_SEARCH_PATHS = (
					"$(inherited)",
					"@executable_path/Frameworks",
				);
				PRODUCT_BUNDLE_IDENTIFIER = com.swiftlec.IDRnd;
				PRODUCT_NAME = "$(TARGET_NAME)";
				SWIFT_VERSION = 5.0;
				TARGETED_DEVICE_FAMILY = 1;
			};
			name = Debug;
		};
		75A3D1D925F0C8CE000708E7 /* Release */ = {
			isa = XCBuildConfiguration;
			buildSettings = {
				ASSETCATALOG_COMPILER_APPICON_NAME = AppIcon;
				ASSETCATALOG_COMPILER_GLOBAL_ACCENT_COLOR_NAME = AccentColor;
				CODE_SIGN_STYLE = Automatic;
				DEVELOPMENT_TEAM = M47S45AXH9;
				INFOPLIST_FILE = IDRnd/Info.plist;
				LD_RUNPATH_SEARCH_PATHS = (
					"$(inherited)",
					"@executable_path/Frameworks",
				);
				PRODUCT_BUNDLE_IDENTIFIER = com.swiftlec.IDRnd;
				PRODUCT_NAME = "$(TARGET_NAME)";
				SWIFT_VERSION = 5.0;
				TARGETED_DEVICE_FAMILY = 1;
			};
			name = Release;
		};
/* End XCBuildConfiguration section */

/* Begin XCConfigurationList section */
		75A3D1BE25F0C8CC000708E7 /* Build configuration list for PBXProject "IDRnd" */ = {
			isa = XCConfigurationList;
			buildConfigurations = (
				75A3D1D525F0C8CE000708E7 /* Debug */,
				75A3D1D625F0C8CE000708E7 /* Release */,
			);
			defaultConfigurationIsVisible = 0;
			defaultConfigurationName = Release;
		};
		75A3D1D725F0C8CE000708E7 /* Build configuration list for PBXNativeTarget "IDRnd" */ = {
			isa = XCConfigurationList;
			buildConfigurations = (
				75A3D1D825F0C8CE000708E7 /* Debug */,
				75A3D1D925F0C8CE000708E7 /* Release */,
			);
			defaultConfigurationIsVisible = 0;
			defaultConfigurationName = Release;
		};
/* End XCConfigurationList section */
	};
	rootObject = 75A3D1BB25F0C8CC000708E7 /* Project object */;
}
