// !$*UTF8*$!
{
	archiveVersion = 1;
	classes = {
	};
	objectVersion = 50;
	objects = {

/* Begin PBXBuildFile section */
		49B0DF0A25EE37200041098B /* AppDelegate.swift in Sources */ = {isa = PBXBuildFile; fileRef = 49B0DF0925EE37200041098B /* AppDelegate.swift */; };
		49B0DF0C25EE37200041098B /* SceneDelegate.swift in Sources */ = {isa = PBXBuildFile; fileRef = 49B0DF0B25EE37200041098B /* SceneDelegate.swift */; };
		49B0DF0E25EE37200041098B /* ViewController.swift in Sources */ = {isa = PBXBuildFile; fileRef = 49B0DF0D25EE37200041098B /* ViewController.swift */; };
		49B0DF1125EE37200041098B /* Main.storyboard in Resources */ = {isa = PBXBuildFile; fileRef = 49B0DF0F25EE37200041098B /* Main.storyboard */; };
		49B0DF1325EE37230041098B /* Assets.xcassets in Resources */ = {isa = PBXBuildFile; fileRef = 49B0DF1225EE37230041098B /* Assets.xcassets */; };
		49B0DF1625EE37230041098B /* LaunchScreen.storyboard in Resources */ = {isa = PBXBuildFile; fileRef = 49B0DF1425EE37230041098B /* LaunchScreen.storyboard */; };
		49B0DF1F25EE37F60041098B /* TabsView.swift in Sources */ = {isa = PBXBuildFile; fileRef = 49B0DF1E25EE37F60041098B /* TabsView.swift */; };
		49B0DF2225EE381D0041098B /* TabCell.swift in Sources */ = {isa = PBXBuildFile; fileRef = 49B0DF2125EE381D0041098B /* TabCell.swift */; };
		49B0DF2625EE38E60041098B /* TabsPageViewController.swift in Sources */ = {isa = PBXBuildFile; fileRef = 49B0DF2525EE38E60041098B /* TabsPageViewController.swift */; };
		49B0DF2A25EE39C90041098B /* Demo1ViewController.swift in Sources */ = {isa = PBXBuildFile; fileRef = 49B0DF2925EE39C90041098B /* Demo1ViewController.swift */; };
		49B0DF2D25EE39D80041098B /* Demo2ViewController.swift in Sources */ = {isa = PBXBuildFile; fileRef = 49B0DF2C25EE39D80041098B /* Demo2ViewController.swift */; };
		49B0DF3025EE39E40041098B /* Demo3ViewController.swift in Sources */ = {isa = PBXBuildFile; fileRef = 49B0DF2F25EE39E40041098B /* Demo3ViewController.swift */; };
/* End PBXBuildFile section */

/* Begin PBXFileReference section */
		49B0DF0625EE37200041098B /* TabsView.app */ = {isa = PBXFileReference; explicitFileType = wrapper.application; includeInIndex = 0; path = TabsView.app; sourceTree = BUILT_PRODUCTS_DIR; };
		49B0DF0925EE37200041098B /* AppDelegate.swift */ = {isa = PBXFileReference; lastKnownFileType = sourcecode.swift; path = AppDelegate.swift; sourceTree = "<group>"; };
		49B0DF0B25EE37200041098B /* SceneDelegate.swift */ = {isa = PBXFileReference; lastKnownFileType = sourcecode.swift; path = SceneDelegate.swift; sourceTree = "<group>"; };
		49B0DF0D25EE37200041098B /* ViewController.swift */ = {isa = PBXFileReference; lastKnownFileType = sourcecode.swift; path = ViewController.swift; sourceTree = "<group>"; };
		49B0DF1025EE37200041098B /* Base */ = {isa = PBXFileReference; lastKnownFileType = file.storyboard; name = Base; path = Base.lproj/Main.storyboard; sourceTree = "<group>"; };
		49B0DF1225EE37230041098B /* Assets.xcassets */ = {isa = PBXFileReference; lastKnownFileType = folder.assetcatalog; path = Assets.xcassets; sourceTree = "<group>"; };
		49B0DF1525EE37230041098B /* Base */ = {isa = PBXFileReference; lastKnownFileType = file.storyboard; name = Base; path = Base.lproj/LaunchScreen.storyboard; sourceTree = "<group>"; };
		49B0DF1725EE37230041098B /* Info.plist */ = {isa = PBXFileReference; lastKnownFileType = text.plist.xml; path = Info.plist; sourceTree = "<group>"; };
		49B0DF1E25EE37F60041098B /* TabsView.swift */ = {isa = PBXFileReference; lastKnownFileType = sourcecode.swift; path = TabsView.swift; sourceTree = "<group>"; };
		49B0DF2125EE381D0041098B /* TabCell.swift */ = {isa = PBXFileReference; lastKnownFileType = sourcecode.swift; path = TabCell.swift; sourceTree = "<group>"; };
		49B0DF2525EE38E60041098B /* TabsPageViewController.swift */ = {isa = PBXFileReference; lastKnownFileType = sourcecode.swift; path = TabsPageViewController.swift; sourceTree = "<group>"; };
		49B0DF2925EE39C90041098B /* Demo1ViewController.swift */ = {isa = PBXFileReference; lastKnownFileType = sourcecode.swift; path = Demo1ViewController.swift; sourceTree = "<group>"; };
		49B0DF2C25EE39D80041098B /* Demo2ViewController.swift */ = {isa = PBXFileReference; lastKnownFileType = sourcecode.swift; path = Demo2ViewController.swift; sourceTree = "<group>"; };
		49B0DF2F25EE39E40041098B /* Demo3ViewController.swift */ = {isa = PBXFileReference; lastKnownFileType = sourcecode.swift; path = Demo3ViewController.swift; sourceTree = "<group>"; };
/* End PBXFileReference section */

/* Begin PBXFrameworksBuildPhase section */
		49B0DF0325EE37200041098B /* Frameworks */ = {
			isa = PBXFrameworksBuildPhase;
			buildActionMask = 2147483647;
			files = (
			);
			runOnlyForDeploymentPostprocessing = 0;
		};
/* End PBXFrameworksBuildPhase section */

/* Begin PBXGroup section */
		49B0DEFD25EE37200041098B = {
			isa = PBXGroup;
			children = (
				49B0DF0825EE37200041098B /* TabsView */,
				49B0DF0725EE37200041098B /* Products */,
			);
			sourceTree = "<group>";
		};
		49B0DF0725EE37200041098B /* Products */ = {
			isa = PBXGroup;
			children = (
				49B0DF0625EE37200041098B /* TabsView.app */,
			);
			name = Products;
			sourceTree = "<group>";
		};
		49B0DF0825EE37200041098B /* TabsView */ = {
			isa = PBXGroup;
			children = (
				49B0DF0925EE37200041098B /* AppDelegate.swift */,
				49B0DF0B25EE37200041098B /* SceneDelegate.swift */,
				49B0DF0D25EE37200041098B /* ViewController.swift */,
				49B0DF1E25EE37F60041098B /* TabsView.swift */,
				49B0DF2125EE381D0041098B /* TabCell.swift */,
				49B0DF2925EE39C90041098B /* Demo1ViewController.swift */,
				49B0DF2C25EE39D80041098B /* Demo2ViewController.swift */,
				49B0DF2F25EE39E40041098B /* Demo3ViewController.swift */,
				49B0DF2525EE38E60041098B /* TabsPageViewController.swift */,
				49B0DF0F25EE37200041098B /* Main.storyboard */,
				49B0DF1225EE37230041098B /* Assets.xcassets */,
				49B0DF1425EE37230041098B /* LaunchScreen.storyboard */,
				49B0DF1725EE37230041098B /* Info.plist */,
			);
			path = TabsView;
			sourceTree = "<group>";
		};
/* End PBXGroup section */

/* Begin PBXNativeTarget section */
		49B0DF0525EE37200041098B /* TabsView */ = {
			isa = PBXNativeTarget;
			buildConfigurationList = 49B0DF1A25EE37230041098B /* Build configuration list for PBXNativeTarget "TabsView" */;
			buildPhases = (
				49B0DF0225EE37200041098B /* Sources */,
				49B0DF0325EE37200041098B /* Frameworks */,
				49B0DF0425EE37200041098B /* Resources */,
			);
			buildRules = (
			);
			dependencies = (
			);
			name = TabsView;
			productName = TabsView;
			productReference = 49B0DF0625EE37200041098B /* TabsView.app */;
			productType = "com.apple.product-type.application";
		};
/* End PBXNativeTarget section */

/* Begin PBXProject section */
		49B0DEFE25EE37200041098B /* Project object */ = {
			isa = PBXProject;
			attributes = {
				LastSwiftUpdateCheck = 1240;
				LastUpgradeCheck = 1240;
				TargetAttributes = {
					49B0DF0525EE37200041098B = {
						CreatedOnToolsVersion = 12.4;
					};
				};
			};
			buildConfigurationList = 49B0DF0125EE37200041098B /* Build configuration list for PBXProject "TabsView" */;
			compatibilityVersion = "Xcode 9.3";
			developmentRegion = en;
			hasScannedForEncodings = 0;
			knownRegions = (
				en,
				Base,
			);
			mainGroup = 49B0DEFD25EE37200041098B;
			productRefGroup = 49B0DF0725EE37200041098B /* Products */;
			projectDirPath = "";
			projectRoot = "";
			targets = (
				49B0DF0525EE37200041098B /* TabsView */,
			);
		};
/* End PBXProject section */

/* Begin PBXResourcesBuildPhase section */
		49B0DF0425EE37200041098B /* Resources */ = {
			isa = PBXResourcesBuildPhase;
			buildActionMask = 2147483647;
			files = (
				49B0DF1625EE37230041098B /* LaunchScreen.storyboard in Resources */,
				49B0DF1325EE37230041098B /* Assets.xcassets in Resources */,
				49B0DF1125EE37200041098B /* Main.storyboard in Resources */,
			);
			runOnlyForDeploymentPostprocessing = 0;
		};
/* End PBXResourcesBuildPhase section */

/* Begin PBXSourcesBuildPhase section */
		49B0DF0225EE37200041098B /* Sources */ = {
			isa = PBXSourcesBuildPhase;
			buildActionMask = 2147483647;
			files = (
				49B0DF0E25EE37200041098B /* ViewController.swift in Sources */,
				49B0DF3025EE39E40041098B /* Demo3ViewController.swift in Sources */,
				49B0DF0A25EE37200041098B /* AppDelegate.swift in Sources */,
				49B0DF2D25EE39D80041098B /* Demo2ViewController.swift in Sources */,
				49B0DF2225EE381D0041098B /* TabCell.swift in Sources */,
				49B0DF2625EE38E60041098B /* TabsPageViewController.swift in Sources */,
				49B0DF1F25EE37F60041098B /* TabsView.swift in Sources */,
				49B0DF2A25EE39C90041098B /* Demo1ViewController.swift in Sources */,
				49B0DF0C25EE37200041098B /* SceneDelegate.swift in Sources */,
			);
			runOnlyForDeploymentPostprocessing = 0;
		};
/* End PBXSourcesBuildPhase section */

/* Begin PBXVariantGroup section */
		49B0DF0F25EE37200041098B /* Main.storyboard */ = {
			isa = PBXVariantGroup;
			children = (
				49B0DF1025EE37200041098B /* Base */,
			);
			name = Main.storyboard;
			sourceTree = "<group>";
		};
		49B0DF1425EE37230041098B /* LaunchScreen.storyboard */ = {
			isa = PBXVariantGroup;
			children = (
				49B0DF1525EE37230041098B /* Base */,
			);
			name = LaunchScreen.storyboard;
			sourceTree = "<group>";
		};
/* End PBXVariantGroup section */

/* Begin XCBuildConfiguration section */
		49B0DF1825EE37230041098B /* Debug */ = {
			isa = XCBuildConfiguration;
			buildSettings = {
				ALWAYS_SEARCH_USER_PATHS = NO;
				CLANG_ANALYZER_NONNULL = YES;
				CLANG_ANALYZER_NUMBER_OBJECT_CONVERSION = YES_AGGRESSIVE;
				CLANG_CXX_LANGUAGE_STANDARD = "gnu++14";
				CLANG_CXX_LIBRARY = "libc++";
				CLANG_ENABLE_MODULES = YES;
				CLANG_ENABLE_OBJC_ARC = YES;
				CLANG_ENABLE_OBJC_WEAK = YES;
				CLANG_WARN_BLOCK_CAPTURE_AUTORELEASING = YES;
				CLANG_WARN_BOOL_CONVERSION = YES;
				CLANG_WARN_COMMA = YES;
				CLANG_WARN_CONSTANT_CONVERSION = YES;
				CLANG_WARN_DEPRECATED_OBJC_IMPLEMENTATIONS = YES;
				CLANG_WARN_DIRECT_OBJC_ISA_USAGE = YES_ERROR;
				CLANG_WARN_DOCUMENTATION_COMMENTS = YES;
				CLANG_WARN_EMPTY_BODY = YES;
				CLANG_WARN_ENUM_CONVERSION = YES;
				CLANG_WARN_INFINITE_RECURSION = YES;
				CLANG_WARN_INT_CONVERSION = YES;
				CLANG_WARN_NON_LITERAL_NULL_CONVERSION = YES;
				CLANG_WARN_OBJC_IMPLICIT_RETAIN_SELF = YES;
				CLANG_WARN_OBJC_LITERAL_CONVERSION = YES;
				CLANG_WARN_OBJC_ROOT_CLASS = YES_ERROR;
				CLANG_WARN_QUOTED_INCLUDE_IN_FRAMEWORK_HEADER = YES;
				CLANG_WARN_RANGE_LOOP_ANALYSIS = YES;
				CLANG_WARN_STRICT_PROTOTYPES = YES;
				CLANG_WARN_SUSPICIOUS_MOVE = YES;
				CLANG_WARN_UNGUARDED_AVAILABILITY = YES_AGGRESSIVE;
				CLANG_WARN_UNREACHABLE_CODE = YES;
				CLANG_WARN__DUPLICATE_METHOD_MATCH = YES;
				COPY_PHASE_STRIP = NO;
				DEBUG_INFORMATION_FORMAT = dwarf;
				ENABLE_STRICT_OBJC_MSGSEND = YES;
				ENABLE_TESTABILITY = YES;
				GCC_C_LANGUAGE_STANDARD = gnu11;
				GCC_DYNAMIC_NO_PIC = NO;
				GCC_NO_COMMON_BLOCKS = YES;
				GCC_OPTIMIZATION_LEVEL = 0;
				GCC_PREPROCESSOR_DEFINITIONS = (
					"DEBUG=1",
					"$(inherited)",
				);
				GCC_WARN_64_TO_32_BIT_CONVERSION = YES;
				GCC_WARN_ABOUT_RETURN_TYPE = YES_ERROR;
				GCC_WARN_UNDECLARED_SELECTOR = YES;
				GCC_WARN_UNINITIALIZED_AUTOS = YES_AGGRESSIVE;
				GCC_WARN_UNUSED_FUNCTION = YES;
				GCC_WARN_UNUSED_VARIABLE = YES;
				IPHONEOS_DEPLOYMENT_TARGET = 14.4;
				MTL_ENABLE_DEBUG_INFO = INCLUDE_SOURCE;
				MTL_FAST_MATH = YES;
				ONLY_ACTIVE_ARCH = YES;
				SDKROOT = iphoneos;
				SWIFT_ACTIVE_COMPILATION_CONDITIONS = DEBUG;
				SWIFT_OPTIMIZATION_LEVEL = "-Onone";
			};
			name = Debug;
		};
		49B0DF1925EE37230041098B /* Release */ = {
			isa = XCBuildConfiguration;
			buildSettings = {
				ALWAYS_SEARCH_USER_PATHS = NO;
				CLANG_ANALYZER_NONNULL = YES;
				CLANG_ANALYZER_NUMBER_OBJECT_CONVERSION = YES_AGGRESSIVE;
				CLANG_CXX_LANGUAGE_STANDARD = "gnu++14";
				CLANG_CXX_LIBRARY = "libc++";
				CLANG_ENABLE_MODULES = YES;
				CLANG_ENABLE_OBJC_ARC = YES;
				CLANG_ENABLE_OBJC_WEAK = YES;
				CLANG_WARN_BLOCK_CAPTURE_AUTORELEASING = YES;
				CLANG_WARN_BOOL_CONVERSION = YES;
				CLANG_WARN_COMMA = YES;
				CLANG_WARN_CONSTANT_CONVERSION = YES;
				CLANG_WARN_DEPRECATED_OBJC_IMPLEMENTATIONS = YES;
				CLANG_WARN_DIRECT_OBJC_ISA_USAGE = YES_ERROR;
				CLANG_WARN_DOCUMENTATION_COMMENTS = YES;
				CLANG_WARN_EMPTY_BODY = YES;
				CLANG_WARN_ENUM_CONVERSION = YES;
				CLANG_WARN_INFINITE_RECURSION = YES;
				CLANG_WARN_INT_CONVERSION = YES;
				CLANG_WARN_NON_LITERAL_NULL_CONVERSION = YES;
				CLANG_WARN_OBJC_IMPLICIT_RETAIN_SELF = YES;
				CLANG_WARN_OBJC_LITERAL_CONVERSION = YES;
				CLANG_WARN_OBJC_ROOT_CLASS = YES_ERROR;
				CLANG_WARN_QUOTED_INCLUDE_IN_FRAMEWORK_HEADER = YES;
				CLANG_WARN_RANGE_LOOP_ANALYSIS = YES;
				CLANG_WARN_STRICT_PROTOTYPES = YES;
				CLANG_WARN_SUSPICIOUS_MOVE = YES;
				CLANG_WARN_UNGUARDED_AVAILABILITY = YES_AGGRESSIVE;
				CLANG_WARN_UNREACHABLE_CODE = YES;
				CLANG_WARN__DUPLICATE_METHOD_MATCH = YES;
				COPY_PHASE_STRIP = NO;
				DEBUG_INFORMATION_FORMAT = "dwarf-with-dsym";
				ENABLE_NS_ASSERTIONS = NO;
				ENABLE_STRICT_OBJC_MSGSEND = YES;
				GCC_C_LANGUAGE_STANDARD = gnu11;
				GCC_NO_COMMON_BLOCKS = YES;
				GCC_WARN_64_TO_32_BIT_CONVERSION = YES;
				GCC_WARN_ABOUT_RETURN_TYPE = YES_ERROR;
				GCC_WARN_UNDECLARED_SELECTOR = YES;
				GCC_WARN_UNINITIALIZED_AUTOS = YES_AGGRESSIVE;
				GCC_WARN_UNUSED_FUNCTION = YES;
				GCC_WARN_UNUSED_VARIABLE = YES;
				IPHONEOS_DEPLOYMENT_TARGET = 14.4;
				MTL_ENABLE_DEBUG_INFO = NO;
				MTL_FAST_MATH = YES;
				SDKROOT = iphoneos;
				SWIFT_COMPILATION_MODE = wholemodule;
				SWIFT_OPTIMIZATION_LEVEL = "-O";
				VALIDATE_PRODUCT = YES;
			};
			name = Release;
		};
		49B0DF1B25EE37230041098B /* Debug */ = {
			isa = XCBuildConfiguration;
			buildSettings = {
				ASSETCATALOG_COMPILER_APPICON_NAME = AppIcon;
				ASSETCATALOG_COMPILER_GLOBAL_ACCENT_COLOR_NAME = AccentColor;
				CODE_SIGN_STYLE = Automatic;
				DEVELOPMENT_TEAM = GDKDK6KP5Z;
				INFOPLIST_FILE = TabsView/Info.plist;
				LD_RUNPATH_SEARCH_PATHS = (
					"$(inherited)",
					"@executable_path/Frameworks",
				);
				PRODUCT_BUNDLE_IDENTIFIER = com.ios.tabsview.TabsView;
				PRODUCT_NAME = "$(TARGET_NAME)";
				SWIFT_VERSION = 5.0;
				TARGETED_DEVICE_FAMILY = "1,2";
			};
			name = Debug;
		};
		49B0DF1C25EE37230041098B /* Release */ = {
			isa = XCBuildConfiguration;
			buildSettings = {
				ASSETCATALOG_COMPILER_APPICON_NAME = AppIcon;
				ASSETCATALOG_COMPILER_GLOBAL_ACCENT_COLOR_NAME = AccentColor;
				CODE_SIGN_STYLE = Automatic;
				DEVELOPMENT_TEAM = GDKDK6KP5Z;
				INFOPLIST_FILE = TabsView/Info.plist;
				LD_RUNPATH_SEARCH_PATHS = (
					"$(inherited)",
					"@executable_path/Frameworks",
				);
				PRODUCT_BUNDLE_IDENTIFIER = com.ios.tabsview.TabsView;
				PRODUCT_NAME = "$(TARGET_NAME)";
				SWIFT_VERSION = 5.0;
				TARGETED_DEVICE_FAMILY = "1,2";
			};
			name = Release;
		};
/* End XCBuildConfiguration section */

/* Begin XCConfigurationList section */
		49B0DF0125EE37200041098B /* Build configuration list for PBXProject "TabsView" */ = {
			isa = XCConfigurationList;
			buildConfigurations = (
				49B0DF1825EE37230041098B /* Debug */,
				49B0DF1925EE37230041098B /* Release */,
			);
			defaultConfigurationIsVisible = 0;
			defaultConfigurationName = Release;
		};
		49B0DF1A25EE37230041098B /* Build configuration list for PBXNativeTarget "TabsView" */ = {
			isa = XCConfigurationList;
			buildConfigurations = (
				49B0DF1B25EE37230041098B /* Debug */,
				49B0DF1C25EE37230041098B /* Release */,
			);
			defaultConfigurationIsVisible = 0;
			defaultConfigurationName = Release;
		};
/* End XCConfigurationList section */
	};
	rootObject = 49B0DEFE25EE37200041098B /* Project object */;
}
